// !$*UTF8*$!
{
	archiveVersion = 1;
	classes = {
	};
	objectVersion = 56;
	objects = {

/* Begin PBXBuildFile section */
		420940CA2BBBDF6A004D9662 /* PhotoSelectionViewModel.swift in Sources */ = {isa = PBXBuildFile; fileRef = 420940C92BBBDF6A004D9662 /* PhotoSelectionViewModel.swift */; };
		420940CC2BBBE8F2004D9662 /* MutableProgress.swift in Sources */ = {isa = PBXBuildFile; fileRef = 420940CB2BBBE8F2004D9662 /* MutableProgress.swift */; };
		42AD05092BBA333A00F08D0B /* MapTagApp.swift in Sources */ = {isa = PBXBuildFile; fileRef = 42AD05082BBA333A00F08D0B /* MapTagApp.swift */; };
		42AD050B2BBA333A00F08D0B /* MapTagTabView.swift in Sources */ = {isa = PBXBuildFile; fileRef = 42AD050A2BBA333A00F08D0B /* MapTagTabView.swift */; };
		42AD050D2BBA333B00F08D0B /* Assets.xcassets in Resources */ = {isa = PBXBuildFile; fileRef = 42AD050C2BBA333B00F08D0B /* Assets.xcassets */; };
		42AD05102BBA333B00F08D0B /* Preview Assets.xcassets in Resources */ = {isa = PBXBuildFile; fileRef = 42AD050F2BBA333B00F08D0B /* Preview Assets.xcassets */; };
		42AD051A2BBA333B00F08D0B /* MapTagTests.swift in Sources */ = {isa = PBXBuildFile; fileRef = 42AD05192BBA333B00F08D0B /* MapTagTests.swift */; };
		42AD05242BBA333B00F08D0B /* MapTagUITests.swift in Sources */ = {isa = PBXBuildFile; fileRef = 42AD05232BBA333B00F08D0B /* MapTagUITests.swift */; };
		42AD05262BBA333B00F08D0B /* MapTagUITestsLaunchTests.swift in Sources */ = {isa = PBXBuildFile; fileRef = 42AD05252BBA333B00F08D0B /* MapTagUITestsLaunchTests.swift */; };
		42AD05332BBA471E00F08D0B /* MapHome.swift in Sources */ = {isa = PBXBuildFile; fileRef = 42AD05322BBA471E00F08D0B /* MapHome.swift */; };
		42AD05352BBA4D8300F08D0B /* ProfileView.swift in Sources */ = {isa = PBXBuildFile; fileRef = 42AD05342BBA4D8300F08D0B /* ProfileView.swift */; };
		42AD05372BBA717200F08D0B /* CountryListView.swift in Sources */ = {isa = PBXBuildFile; fileRef = 42AD05362BBA717200F08D0B /* CountryListView.swift */; };
		42AD05392BBA792B00F08D0B /* CountriesViewModel.swift in Sources */ = {isa = PBXBuildFile; fileRef = 42AD05382BBA792B00F08D0B /* CountriesViewModel.swift */; };
		42AD053B2BBAA48500F08D0B /* CountryDetailView.swift in Sources */ = {isa = PBXBuildFile; fileRef = 42AD053A2BBAA48500F08D0B /* CountryDetailView.swift */; };
		42AD053D2BBAB0C900F08D0B /* MapTagCamera.swift in Sources */ = {isa = PBXBuildFile; fileRef = 42AD053C2BBAB0C900F08D0B /* MapTagCamera.swift */; };
/* End PBXBuildFile section */

/* Begin PBXContainerItemProxy section */
		42AD05162BBA333B00F08D0B /* PBXContainerItemProxy */ = {
			isa = PBXContainerItemProxy;
			containerPortal = 42AD04FD2BBA333900F08D0B /* Project object */;
			proxyType = 1;
			remoteGlobalIDString = 42AD05042BBA333900F08D0B;
			remoteInfo = MapTag;
		};
		42AD05202BBA333B00F08D0B /* PBXContainerItemProxy */ = {
			isa = PBXContainerItemProxy;
			containerPortal = 42AD04FD2BBA333900F08D0B /* Project object */;
			proxyType = 1;
			remoteGlobalIDString = 42AD05042BBA333900F08D0B;
			remoteInfo = MapTag;
		};
/* End PBXContainerItemProxy section */

/* Begin PBXFileReference section */
		420940C92BBBDF6A004D9662 /* PhotoSelectionViewModel.swift */ = {isa = PBXFileReference; lastKnownFileType = sourcecode.swift; path = PhotoSelectionViewModel.swift; sourceTree = "<group>"; };
		420940CB2BBBE8F2004D9662 /* MutableProgress.swift */ = {isa = PBXFileReference; lastKnownFileType = sourcecode.swift; path = MutableProgress.swift; sourceTree = "<group>"; };
		42AD05052BBA333900F08D0B /* MapTag.app */ = {isa = PBXFileReference; explicitFileType = wrapper.application; includeInIndex = 0; path = MapTag.app; sourceTree = BUILT_PRODUCTS_DIR; };
		42AD05082BBA333A00F08D0B /* MapTagApp.swift */ = {isa = PBXFileReference; lastKnownFileType = sourcecode.swift; path = MapTagApp.swift; sourceTree = "<group>"; };
		42AD050A2BBA333A00F08D0B /* MapTagTabView.swift */ = {isa = PBXFileReference; lastKnownFileType = sourcecode.swift; path = MapTagTabView.swift; sourceTree = "<group>"; };
		42AD050C2BBA333B00F08D0B /* Assets.xcassets */ = {isa = PBXFileReference; lastKnownFileType = folder.assetcatalog; path = Assets.xcassets; sourceTree = "<group>"; };
		42AD050F2BBA333B00F08D0B /* Preview Assets.xcassets */ = {isa = PBXFileReference; lastKnownFileType = folder.assetcatalog; path = "Preview Assets.xcassets"; sourceTree = "<group>"; };
		42AD05152BBA333B00F08D0B /* MapTagTests.xctest */ = {isa = PBXFileReference; explicitFileType = wrapper.cfbundle; includeInIndex = 0; path = MapTagTests.xctest; sourceTree = BUILT_PRODUCTS_DIR; };
		42AD05192BBA333B00F08D0B /* MapTagTests.swift */ = {isa = PBXFileReference; lastKnownFileType = sourcecode.swift; path = MapTagTests.swift; sourceTree = "<group>"; };
		42AD051F2BBA333B00F08D0B /* MapTagUITests.xctest */ = {isa = PBXFileReference; explicitFileType = wrapper.cfbundle; includeInIndex = 0; path = MapTagUITests.xctest; sourceTree = BUILT_PRODUCTS_DIR; };
		42AD05232BBA333B00F08D0B /* MapTagUITests.swift */ = {isa = PBXFileReference; lastKnownFileType = sourcecode.swift; path = MapTagUITests.swift; sourceTree = "<group>"; };
		42AD05252BBA333B00F08D0B /* MapTagUITestsLaunchTests.swift */ = {isa = PBXFileReference; lastKnownFileType = sourcecode.swift; path = MapTagUITestsLaunchTests.swift; sourceTree = "<group>"; };
		42AD05322BBA471E00F08D0B /* MapHome.swift */ = {isa = PBXFileReference; lastKnownFileType = sourcecode.swift; path = MapHome.swift; sourceTree = "<group>"; };
		42AD05342BBA4D8300F08D0B /* ProfileView.swift */ = {isa = PBXFileReference; lastKnownFileType = sourcecode.swift; path = ProfileView.swift; sourceTree = "<group>"; };
		42AD05362BBA717200F08D0B /* CountryListView.swift */ = {isa = PBXFileReference; lastKnownFileType = sourcecode.swift; path = CountryListView.swift; sourceTree = "<group>"; };
		42AD05382BBA792B00F08D0B /* CountriesViewModel.swift */ = {isa = PBXFileReference; lastKnownFileType = sourcecode.swift; path = CountriesViewModel.swift; sourceTree = "<group>"; };
		42AD053A2BBAA48500F08D0B /* CountryDetailView.swift */ = {isa = PBXFileReference; lastKnownFileType = sourcecode.swift; path = CountryDetailView.swift; sourceTree = "<group>"; };
		42AD053C2BBAB0C900F08D0B /* MapTagCamera.swift */ = {isa = PBXFileReference; lastKnownFileType = sourcecode.swift; path = MapTagCamera.swift; sourceTree = "<group>"; };
/* End PBXFileReference section */

/* Begin PBXFrameworksBuildPhase section */
		42AD05022BBA333900F08D0B /* Frameworks */ = {
			isa = PBXFrameworksBuildPhase;
			buildActionMask = 2147483647;
			files = (
			);
			runOnlyForDeploymentPostprocessing = 0;
		};
		42AD05122BBA333B00F08D0B /* Frameworks */ = {
			isa = PBXFrameworksBuildPhase;
			buildActionMask = 2147483647;
			files = (
			);
			runOnlyForDeploymentPostprocessing = 0;
		};
		42AD051C2BBA333B00F08D0B /* Frameworks */ = {
			isa = PBXFrameworksBuildPhase;
			buildActionMask = 2147483647;
			files = (
			);
			runOnlyForDeploymentPostprocessing = 0;
		};
/* End PBXFrameworksBuildPhase section */

/* Begin PBXGroup section */
		42AD04FC2BBA333900F08D0B = {
			isa = PBXGroup;
			children = (
				42AD05072BBA333900F08D0B /* MapTag */,
				42AD05182BBA333B00F08D0B /* MapTagTests */,
				42AD05222BBA333B00F08D0B /* MapTagUITests */,
				42AD05062BBA333900F08D0B /* Products */,
			);
			sourceTree = "<group>";
		};
		42AD05062BBA333900F08D0B /* Products */ = {
			isa = PBXGroup;
			children = (
				42AD05052BBA333900F08D0B /* MapTag.app */,
				42AD05152BBA333B00F08D0B /* MapTagTests.xctest */,
				42AD051F2BBA333B00F08D0B /* MapTagUITests.xctest */,
			);
			name = Products;
			sourceTree = "<group>";
		};
		42AD05072BBA333900F08D0B /* MapTag */ = {
			isa = PBXGroup;
			children = (
				42AD05082BBA333A00F08D0B /* MapTagApp.swift */,
				42AD050A2BBA333A00F08D0B /* MapTagTabView.swift */,
				42AD05322BBA471E00F08D0B /* MapHome.swift */,
				42AD053C2BBAB0C900F08D0B /* MapTagCamera.swift */,
				42AD05362BBA717200F08D0B /* CountryListView.swift */,
				42AD05382BBA792B00F08D0B /* CountriesViewModel.swift */,
				42AD053A2BBAA48500F08D0B /* CountryDetailView.swift */,
				42AD05342BBA4D8300F08D0B /* ProfileView.swift */,
				420940C92BBBDF6A004D9662 /* PhotoSelectionViewModel.swift */,
				420940CB2BBBE8F2004D9662 /* MutableProgress.swift */,
				42AD050C2BBA333B00F08D0B /* Assets.xcassets */,
				42AD050E2BBA333B00F08D0B /* Preview Content */,
			);
			path = MapTag;
			sourceTree = "<group>";
		};
		42AD050E2BBA333B00F08D0B /* Preview Content */ = {
			isa = PBXGroup;
			children = (
				42AD050F2BBA333B00F08D0B /* Preview Assets.xcassets */,
			);
			path = "Preview Content";
			sourceTree = "<group>";
		};
		42AD05182BBA333B00F08D0B /* MapTagTests */ = {
			isa = PBXGroup;
			children = (
				42AD05192BBA333B00F08D0B /* MapTagTests.swift */,
			);
			path = MapTagTests;
			sourceTree = "<group>";
		};
		42AD05222BBA333B00F08D0B /* MapTagUITests */ = {
			isa = PBXGroup;
			children = (
				42AD05232BBA333B00F08D0B /* MapTagUITests.swift */,
				42AD05252BBA333B00F08D0B /* MapTagUITestsLaunchTests.swift */,
			);
			path = MapTagUITests;
			sourceTree = "<group>";
		};
/* End PBXGroup section */

/* Begin PBXNativeTarget section */
		42AD05042BBA333900F08D0B /* MapTag */ = {
			isa = PBXNativeTarget;
			buildConfigurationList = 42AD05292BBA333B00F08D0B /* Build configuration list for PBXNativeTarget "MapTag" */;
			buildPhases = (
				42AD05012BBA333900F08D0B /* Sources */,
				42AD05022BBA333900F08D0B /* Frameworks */,
				42AD05032BBA333900F08D0B /* Resources */,
			);
			buildRules = (
			);
			dependencies = (
			);
			name = MapTag;
			productName = MapTag;
			productReference = 42AD05052BBA333900F08D0B /* MapTag.app */;
			productType = "com.apple.product-type.application";
		};
		42AD05142BBA333B00F08D0B /* MapTagTests */ = {
			isa = PBXNativeTarget;
			buildConfigurationList = 42AD052C2BBA333B00F08D0B /* Build configuration list for PBXNativeTarget "MapTagTests" */;
			buildPhases = (
				42AD05112BBA333B00F08D0B /* Sources */,
				42AD05122BBA333B00F08D0B /* Frameworks */,
				42AD05132BBA333B00F08D0B /* Resources */,
			);
			buildRules = (
			);
			dependencies = (
				42AD05172BBA333B00F08D0B /* PBXTargetDependency */,
			);
			name = MapTagTests;
			productName = MapTagTests;
			productReference = 42AD05152BBA333B00F08D0B /* MapTagTests.xctest */;
			productType = "com.apple.product-type.bundle.unit-test";
		};
		42AD051E2BBA333B00F08D0B /* MapTagUITests */ = {
			isa = PBXNativeTarget;
			buildConfigurationList = 42AD052F2BBA333B00F08D0B /* Build configuration list for PBXNativeTarget "MapTagUITests" */;
			buildPhases = (
				42AD051B2BBA333B00F08D0B /* Sources */,
				42AD051C2BBA333B00F08D0B /* Frameworks */,
				42AD051D2BBA333B00F08D0B /* Resources */,
			);
			buildRules = (
			);
			dependencies = (
				42AD05212BBA333B00F08D0B /* PBXTargetDependency */,
			);
			name = MapTagUITests;
			productName = MapTagUITests;
			productReference = 42AD051F2BBA333B00F08D0B /* MapTagUITests.xctest */;
			productType = "com.apple.product-type.bundle.ui-testing";
		};
/* End PBXNativeTarget section */

/* Begin PBXProject section */
		42AD04FD2BBA333900F08D0B /* Project object */ = {
			isa = PBXProject;
			attributes = {
				BuildIndependentTargetsInParallel = 1;
				LastSwiftUpdateCheck = 1530;
				LastUpgradeCheck = 1530;
				TargetAttributes = {
					42AD05042BBA333900F08D0B = {
						CreatedOnToolsVersion = 15.3;
					};
					42AD05142BBA333B00F08D0B = {
						CreatedOnToolsVersion = 15.3;
						TestTargetID = 42AD05042BBA333900F08D0B;
					};
					42AD051E2BBA333B00F08D0B = {
						CreatedOnToolsVersion = 15.3;
						TestTargetID = 42AD05042BBA333900F08D0B;
					};
				};
			};
			buildConfigurationList = 42AD05002BBA333900F08D0B /* Build configuration list for PBXProject "MapTag" */;
			compatibilityVersion = "Xcode 14.0";
			developmentRegion = en;
			hasScannedForEncodings = 0;
			knownRegions = (
				en,
				Base,
			);
			mainGroup = 42AD04FC2BBA333900F08D0B;
			productRefGroup = 42AD05062BBA333900F08D0B /* Products */;
			projectDirPath = "";
			projectRoot = "";
			targets = (
				42AD05042BBA333900F08D0B /* MapTag */,
				42AD05142BBA333B00F08D0B /* MapTagTests */,
				42AD051E2BBA333B00F08D0B /* MapTagUITests */,
			);
		};
/* End PBXProject section */

/* Begin PBXResourcesBuildPhase section */
		42AD05032BBA333900F08D0B /* Resources */ = {
			isa = PBXResourcesBuildPhase;
			buildActionMask = 2147483647;
			files = (
				42AD05102BBA333B00F08D0B /* Preview Assets.xcassets in Resources */,
				42AD050D2BBA333B00F08D0B /* Assets.xcassets in Resources */,
			);
			runOnlyForDeploymentPostprocessing = 0;
		};
		42AD05132BBA333B00F08D0B /* Resources */ = {
			isa = PBXResourcesBuildPhase;
			buildActionMask = 2147483647;
			files = (
			);
			runOnlyForDeploymentPostprocessing = 0;
		};
		42AD051D2BBA333B00F08D0B /* Resources */ = {
			isa = PBXResourcesBuildPhase;
			buildActionMask = 2147483647;
			files = (
			);
			runOnlyForDeploymentPostprocessing = 0;
		};
/* End PBXResourcesBuildPhase section */

/* Begin PBXSourcesBuildPhase section */
		42AD05012BBA333900F08D0B /* Sources */ = {
			isa = PBXSourcesBuildPhase;
			buildActionMask = 2147483647;
			files = (
				42AD053D2BBAB0C900F08D0B /* MapTagCamera.swift in Sources */,
				42AD053B2BBAA48500F08D0B /* CountryDetailView.swift in Sources */,
				42AD05372BBA717200F08D0B /* CountryListView.swift in Sources */,
				420940CA2BBBDF6A004D9662 /* PhotoSelectionViewModel.swift in Sources */,
				42AD05352BBA4D8300F08D0B /* ProfileView.swift in Sources */,
				420940CC2BBBE8F2004D9662 /* MutableProgress.swift in Sources */,
				42AD050B2BBA333A00F08D0B /* MapTagTabView.swift in Sources */,
				42AD05392BBA792B00F08D0B /* CountriesViewModel.swift in Sources */,
				42AD05092BBA333A00F08D0B /* MapTagApp.swift in Sources */,
				42AD05332BBA471E00F08D0B /* MapHome.swift in Sources */,
			);
			runOnlyForDeploymentPostprocessing = 0;
		};
		42AD05112BBA333B00F08D0B /* Sources */ = {
			isa = PBXSourcesBuildPhase;
			buildActionMask = 2147483647;
			files = (
				42AD051A2BBA333B00F08D0B /* MapTagTests.swift in Sources */,
			);
			runOnlyForDeploymentPostprocessing = 0;
		};
		42AD051B2BBA333B00F08D0B /* Sources */ = {
			isa = PBXSourcesBuildPhase;
			buildActionMask = 2147483647;
			files = (
				42AD05262BBA333B00F08D0B /* MapTagUITestsLaunchTests.swift in Sources */,
				42AD05242BBA333B00F08D0B /* MapTagUITests.swift in Sources */,
			);
			runOnlyForDeploymentPostprocessing = 0;
		};
/* End PBXSourcesBuildPhase section */

/* Begin PBXTargetDependency section */
		42AD05172BBA333B00F08D0B /* PBXTargetDependency */ = {
			isa = PBXTargetDependency;
			target = 42AD05042BBA333900F08D0B /* MapTag */;
			targetProxy = 42AD05162BBA333B00F08D0B /* PBXContainerItemProxy */;
		};
		42AD05212BBA333B00F08D0B /* PBXTargetDependency */ = {
			isa = PBXTargetDependency;
			target = 42AD05042BBA333900F08D0B /* MapTag */;
			targetProxy = 42AD05202BBA333B00F08D0B /* PBXContainerItemProxy */;
		};
/* End PBXTargetDependency section */

/* Begin XCBuildConfiguration section */
		42AD05272BBA333B00F08D0B /* Debug */ = {
			isa = XCBuildConfiguration;
			buildSettings = {
				ALWAYS_SEARCH_USER_PATHS = NO;
				ASSETCATALOG_COMPILER_GENERATE_SWIFT_ASSET_SYMBOL_EXTENSIONS = YES;
				CLANG_ANALYZER_NONNULL = YES;
				CLANG_ANALYZER_NUMBER_OBJECT_CONVERSION = YES_AGGRESSIVE;
				CLANG_CXX_LANGUAGE_STANDARD = "gnu++20";
				CLANG_ENABLE_MODULES = YES;
				CLANG_ENABLE_OBJC_ARC = YES;
				CLANG_ENABLE_OBJC_WEAK = YES;
				CLANG_WARN_BLOCK_CAPTURE_AUTORELEASING = YES;
				CLANG_WARN_BOOL_CONVERSION = YES;
				CLANG_WARN_COMMA = YES;
				CLANG_WARN_CONSTANT_CONVERSION = YES;
				CLANG_WARN_DEPRECATED_OBJC_IMPLEMENTATIONS = YES;
				CLANG_WARN_DIRECT_OBJC_ISA_USAGE = YES_ERROR;
				CLANG_WARN_DOCUMENTATION_COMMENTS = YES;
				CLANG_WARN_EMPTY_BODY = YES;
				CLANG_WARN_ENUM_CONVERSION = YES;
				CLANG_WARN_INFINITE_RECURSION = YES;
				CLANG_WARN_INT_CONVERSION = YES;
				CLANG_WARN_NON_LITERAL_NULL_CONVERSION = YES;
				CLANG_WARN_OBJC_IMPLICIT_RETAIN_SELF = YES;
				CLANG_WARN_OBJC_LITERAL_CONVERSION = YES;
				CLANG_WARN_OBJC_ROOT_CLASS = YES_ERROR;
				CLANG_WARN_QUOTED_INCLUDE_IN_FRAMEWORK_HEADER = YES;
				CLANG_WARN_RANGE_LOOP_ANALYSIS = YES;
				CLANG_WARN_STRICT_PROTOTYPES = YES;
				CLANG_WARN_SUSPICIOUS_MOVE = YES;
				CLANG_WARN_UNGUARDED_AVAILABILITY = YES_AGGRESSIVE;
				CLANG_WARN_UNREACHABLE_CODE = YES;
				CLANG_WARN__DUPLICATE_METHOD_MATCH = YES;
				COPY_PHASE_STRIP = NO;
				DEBUG_INFORMATION_FORMAT = dwarf;
				ENABLE_STRICT_OBJC_MSGSEND = YES;
				ENABLE_TESTABILITY = YES;
				ENABLE_USER_SCRIPT_SANDBOXING = YES;
				GCC_C_LANGUAGE_STANDARD = gnu17;
				GCC_DYNAMIC_NO_PIC = NO;
				GCC_NO_COMMON_BLOCKS = YES;
				GCC_OPTIMIZATION_LEVEL = 0;
				GCC_PREPROCESSOR_DEFINITIONS = (
					"DEBUG=1",
					"$(inherited)",
				);
				GCC_WARN_64_TO_32_BIT_CONVERSION = YES;
				GCC_WARN_ABOUT_RETURN_TYPE = YES_ERROR;
				GCC_WARN_UNDECLARED_SELECTOR = YES;
				GCC_WARN_UNINITIALIZED_AUTOS = YES_AGGRESSIVE;
				GCC_WARN_UNUSED_FUNCTION = YES;
				GCC_WARN_UNUSED_VARIABLE = YES;
				IPHONEOS_DEPLOYMENT_TARGET = 17.4;
				LOCALIZATION_PREFERS_STRING_CATALOGS = YES;
				MTL_ENABLE_DEBUG_INFO = INCLUDE_SOURCE;
				MTL_FAST_MATH = YES;
				ONLY_ACTIVE_ARCH = YES;
				SDKROOT = iphoneos;
				SWIFT_ACTIVE_COMPILATION_CONDITIONS = "DEBUG $(inherited)";
				SWIFT_OPTIMIZATION_LEVEL = "-Onone";
			};
			name = Debug;
		};
		42AD05282BBA333B00F08D0B /* Release */ = {
			isa = XCBuildConfiguration;
			buildSettings = {
				ALWAYS_SEARCH_USER_PATHS = NO;
				ASSETCATALOG_COMPILER_GENERATE_SWIFT_ASSET_SYMBOL_EXTENSIONS = YES;
				CLANG_ANALYZER_NONNULL = YES;
				CLANG_ANALYZER_NUMBER_OBJECT_CONVERSION = YES_AGGRESSIVE;
				CLANG_CXX_LANGUAGE_STANDARD = "gnu++20";
				CLANG_ENABLE_MODULES = YES;
				CLANG_ENABLE_OBJC_ARC = YES;
				CLANG_ENABLE_OBJC_WEAK = YES;
				CLANG_WARN_BLOCK_CAPTURE_AUTORELEASING = YES;
				CLANG_WARN_BOOL_CONVERSION = YES;
				CLANG_WARN_COMMA = YES;
				CLANG_WARN_CONSTANT_CONVERSION = YES;
				CLANG_WARN_DEPRECATED_OBJC_IMPLEMENTATIONS = YES;
				CLANG_WARN_DIRECT_OBJC_ISA_USAGE = YES_ERROR;
				CLANG_WARN_DOCUMENTATION_COMMENTS = YES;
				CLANG_WARN_EMPTY_BODY = YES;
				CLANG_WARN_ENUM_CONVERSION = YES;
				CLANG_WARN_INFINITE_RECURSION = YES;
				CLANG_WARN_INT_CONVERSION = YES;
				CLANG_WARN_NON_LITERAL_NULL_CONVERSION = YES;
				CLANG_WARN_OBJC_IMPLICIT_RETAIN_SELF = YES;
				CLANG_WARN_OBJC_LITERAL_CONVERSION = YES;
				CLANG_WARN_OBJC_ROOT_CLASS = YES_ERROR;
				CLANG_WARN_QUOTED_INCLUDE_IN_FRAMEWORK_HEADER = YES;
				CLANG_WARN_RANGE_LOOP_ANALYSIS = YES;
				CLANG_WARN_STRICT_PROTOTYPES = YES;
				CLANG_WARN_SUSPICIOUS_MOVE = YES;
				CLANG_WARN_UNGUARDED_AVAILABILITY = YES_AGGRESSIVE;
				CLANG_WARN_UNREACHABLE_CODE = YES;
				CLANG_WARN__DUPLICATE_METHOD_MATCH = YES;
				COPY_PHASE_STRIP = NO;
				DEBUG_INFORMATION_FORMAT = "dwarf-with-dsym";
				ENABLE_NS_ASSERTIONS = NO;
				ENABLE_STRICT_OBJC_MSGSEND = YES;
				ENABLE_USER_SCRIPT_SANDBOXING = YES;
				GCC_C_LANGUAGE_STANDARD = gnu17;
				GCC_NO_COMMON_BLOCKS = YES;
				GCC_WARN_64_TO_32_BIT_CONVERSION = YES;
				GCC_WARN_ABOUT_RETURN_TYPE = YES_ERROR;
				GCC_WARN_UNDECLARED_SELECTOR = YES;
				GCC_WARN_UNINITIALIZED_AUTOS = YES_AGGRESSIVE;
				GCC_WARN_UNUSED_FUNCTION = YES;
				GCC_WARN_UNUSED_VARIABLE = YES;
				IPHONEOS_DEPLOYMENT_TARGET = 17.4;
				LOCALIZATION_PREFERS_STRING_CATALOGS = YES;
				MTL_ENABLE_DEBUG_INFO = NO;
				MTL_FAST_MATH = YES;
				SDKROOT = iphoneos;
				SWIFT_COMPILATION_MODE = wholemodule;
				VALIDATE_PRODUCT = YES;
			};
			name = Release;
		};
		42AD052A2BBA333B00F08D0B /* Debug */ = {
			isa = XCBuildConfiguration;
			buildSettings = {
				ASSETCATALOG_COMPILER_APPICON_NAME = AppIcon;
				ASSETCATALOG_COMPILER_GLOBAL_ACCENT_COLOR_NAME = AccentColor;
				CODE_SIGN_STYLE = Automatic;
				CURRENT_PROJECT_VERSION = 1;
				DEVELOPMENT_ASSET_PATHS = "\"MapTag/Preview Content\"";
				ENABLE_PREVIEWS = YES;
				GENERATE_INFOPLIST_FILE = YES;
				INFOPLIST_KEY_NSLocationWhenInUseUsageDescription = "We need access to your location to update your position on the map.";
				INFOPLIST_KEY_NSPhotoLibraryUsageDescription = "We need access to your photo library to link your photo locations to the map.";
				INFOPLIST_KEY_UIApplicationSceneManifest_Generation = YES;
				INFOPLIST_KEY_UIApplicationSupportsIndirectInputEvents = YES;
				INFOPLIST_KEY_UILaunchScreen_Generation = YES;
				INFOPLIST_KEY_UISupportedInterfaceOrientations_iPad = "UIInterfaceOrientationPortrait UIInterfaceOrientationPortraitUpsideDown UIInterfaceOrientationLandscapeLeft UIInterfaceOrientationLandscapeRight";
				INFOPLIST_KEY_UISupportedInterfaceOrientations_iPhone = "UIInterfaceOrientationPortrait UIInterfaceOrientationLandscapeLeft UIInterfaceOrientationLandscapeRight";
				LD_RUNPATH_SEARCH_PATHS = (
					"$(inherited)",
					"@executable_path/Frameworks",
				);
				MARKETING_VERSION = 1.0;
				PRODUCT_BUNDLE_IDENTIFIER = camgham.MapTag;
				PRODUCT_NAME = "$(TARGET_NAME)";
				SWIFT_EMIT_LOC_STRINGS = YES;
				SWIFT_VERSION = 5.0;
				TARGETED_DEVICE_FAMILY = "1,2";
			};
			name = Debug;
		};
		42AD052B2BBA333B00F08D0B /* Release */ = {
			isa = XCBuildConfiguration;
			buildSettings = {
				ASSETCATALOG_COMPILER_APPICON_NAME = AppIcon;
				ASSETCATALOG_COMPILER_GLOBAL_ACCENT_COLOR_NAME = AccentColor;
				CODE_SIGN_STYLE = Automatic;
				CURRENT_PROJECT_VERSION = 1;
				DEVELOPMENT_ASSET_PATHS = "\"MapTag/Preview Content\"";
				ENABLE_PREVIEWS = YES;
				GENERATE_INFOPLIST_FILE = YES;
				INFOPLIST_KEY_NSLocationWhenInUseUsageDescription = "We need access to your location to update your position on the map.";
				INFOPLIST_KEY_NSPhotoLibraryUsageDescription = "We need access to your photo library to link your photo locations to the map.";
				INFOPLIST_KEY_UIApplicationSceneManifest_Generation = YES;
				INFOPLIST_KEY_UIApplicationSupportsIndirectInputEvents = YES;
				INFOPLIST_KEY_UILaunchScreen_Generation = YES;
				INFOPLIST_KEY_UISupportedInterfaceOrientations_iPad = "UIInterfaceOrientationPortrait UIInterfaceOrientationPortraitUpsideDown UIInterfaceOrientationLandscapeLeft UIInterfaceOrientationLandscapeRight";
				INFOPLIST_KEY_UISupportedInterfaceOrientations_iPhone = "UIInterfaceOrientationPortrait UIInterfaceOrientationLandscapeLeft UIInterfaceOrientationLandscapeRight";
				LD_RUNPATH_SEARCH_PATHS = (
					"$(inherited)",
					"@executable_path/Frameworks",
				);
				MARKETING_VERSION = 1.0;
				PRODUCT_BUNDLE_IDENTIFIER = camgham.MapTag;
				PRODUCT_NAME = "$(TARGET_NAME)";
				SWIFT_EMIT_LOC_STRINGS = YES;
				SWIFT_VERSION = 5.0;
				TARGETED_DEVICE_FAMILY = "1,2";
			};
			name = Release;
		};
		42AD052D2BBA333B00F08D0B /* Debug */ = {
			isa = XCBuildConfiguration;
			buildSettings = {
				ALWAYS_EMBED_SWIFT_STANDARD_LIBRARIES = YES;
				BUNDLE_LOADER = "$(TEST_HOST)";
				CODE_SIGN_STYLE = Automatic;
				CURRENT_PROJECT_VERSION = 1;
				GENERATE_INFOPLIST_FILE = YES;
				IPHONEOS_DEPLOYMENT_TARGET = 17.4;
				MARKETING_VERSION = 1.0;
				PRODUCT_BUNDLE_IDENTIFIER = camgham.MapTagTests;
				PRODUCT_NAME = "$(TARGET_NAME)";
				SWIFT_EMIT_LOC_STRINGS = NO;
				SWIFT_VERSION = 5.0;
				TARGETED_DEVICE_FAMILY = "1,2";
				TEST_HOST = "$(BUILT_PRODUCTS_DIR)/MapTag.app/$(BUNDLE_EXECUTABLE_FOLDER_PATH)/MapTag";
			};
			name = Debug;
		};
		42AD052E2BBA333B00F08D0B /* Release */ = {
			isa = XCBuildConfiguration;
			buildSettings = {
				ALWAYS_EMBED_SWIFT_STANDARD_LIBRARIES = YES;
				BUNDLE_LOADER = "$(TEST_HOST)";
				CODE_SIGN_STYLE = Automatic;
				CURRENT_PROJECT_VERSION = 1;
				GENERATE_INFOPLIST_FILE = YES;
				IPHONEOS_DEPLOYMENT_TARGET = 17.4;
				MARKETING_VERSION = 1.0;
				PRODUCT_BUNDLE_IDENTIFIER = camgham.MapTagTests;
				PRODUCT_NAME = "$(TARGET_NAME)";
				SWIFT_EMIT_LOC_STRINGS = NO;
				SWIFT_VERSION = 5.0;
				TARGETED_DEVICE_FAMILY = "1,2";
				TEST_HOST = "$(BUILT_PRODUCTS_DIR)/MapTag.app/$(BUNDLE_EXECUTABLE_FOLDER_PATH)/MapTag";
			};
			name = Release;
		};
		42AD05302BBA333B00F08D0B /* Debug */ = {
			isa = XCBuildConfiguration;
			buildSettings = {
				ALWAYS_EMBED_SWIFT_STANDARD_LIBRARIES = YES;
				CODE_SIGN_STYLE = Automatic;
				CURRENT_PROJECT_VERSION = 1;
				GENERATE_INFOPLIST_FILE = YES;
				MARKETING_VERSION = 1.0;
				PRODUCT_BUNDLE_IDENTIFIER = camgham.MapTagUITests;
				PRODUCT_NAME = "$(TARGET_NAME)";
				SWIFT_EMIT_LOC_STRINGS = NO;
				SWIFT_VERSION = 5.0;
				TARGETED_DEVICE_FAMILY = "1,2";
				TEST_TARGET_NAME = MapTag;
			};
			name = Debug;
		};
		42AD05312BBA333B00F08D0B /* Release */ = {
			isa = XCBuildConfiguration;
			buildSettings = {
				ALWAYS_EMBED_SWIFT_STANDARD_LIBRARIES = YES;
				CODE_SIGN_STYLE = Automatic;
				CURRENT_PROJECT_VERSION = 1;
				GENERATE_INFOPLIST_FILE = YES;
				MARKETING_VERSION = 1.0;
				PRODUCT_BUNDLE_IDENTIFIER = camgham.MapTagUITests;
				PRODUCT_NAME = "$(TARGET_NAME)";
				SWIFT_EMIT_LOC_STRINGS = NO;
				SWIFT_VERSION = 5.0;
				TARGETED_DEVICE_FAMILY = "1,2";
				TEST_TARGET_NAME = MapTag;
			};
			name = Release;
		};
/* End XCBuildConfiguration section */

/* Begin XCConfigurationList section */
		42AD05002BBA333900F08D0B /* Build configuration list for PBXProject "MapTag" */ = {
			isa = XCConfigurationList;
			buildConfigurations = (
				42AD05272BBA333B00F08D0B /* Debug */,
				42AD05282BBA333B00F08D0B /* Release */,
			);
			defaultConfigurationIsVisible = 0;
			defaultConfigurationName = Release;
		};
		42AD05292BBA333B00F08D0B /* Build configuration list for PBXNativeTarget "MapTag" */ = {
			isa = XCConfigurationList;
			buildConfigurations = (
				42AD052A2BBA333B00F08D0B /* Debug */,
				42AD052B2BBA333B00F08D0B /* Release */,
			);
			defaultConfigurationIsVisible = 0;
			defaultConfigurationName = Release;
		};
		42AD052C2BBA333B00F08D0B /* Build configuration list for PBXNativeTarget "MapTagTests" */ = {
			isa = XCConfigurationList;
			buildConfigurations = (
				42AD052D2BBA333B00F08D0B /* Debug */,
				42AD052E2BBA333B00F08D0B /* Release */,
			);
			defaultConfigurationIsVisible = 0;
			defaultConfigurationName = Release;
		};
		42AD052F2BBA333B00F08D0B /* Build configuration list for PBXNativeTarget "MapTagUITests" */ = {
			isa = XCConfigurationList;
			buildConfigurations = (
				42AD05302BBA333B00F08D0B /* Debug */,
				42AD05312BBA333B00F08D0B /* Release */,
			);
			defaultConfigurationIsVisible = 0;
			defaultConfigurationName = Release;
		};
/* End XCConfigurationList section */
	};
	rootObject = 42AD04FD2BBA333900F08D0B /* Project object */;
}
